
Microsoft Visual Studio Solution File, Format Version 12.00
# Visual Studio Version 17
VisualStudioVersion = 17.13.35931.197 d17.13
MinimumVisualStudioVersion = 10.0.40219.1
Project("{2150E333-8FDC-42A3-9474-1A3956D46DE8}") = "src", "src", "{02EA681E-C7D8-13C7-8484-4AC65E1B71E8}"
EndProject
Project("{2150E333-8FDC-42A3-9474-1A3956D46DE8}") = "tests", "tests", "{95173454-C2CA-40A0-BD33-2C4D293E571C}"
EndProject
Project("{FAE04EC0-301F-11D3-BF4B-00C04F79EFBC}") = "Login.Api", "src\Login.Api\Login.Api.csproj", "{7F19C682-8731-4773-953A-2719BEB045E3}"
EndProject
Global
	GlobalSection(SolutionConfigurationPlatforms) = preSolution
		Debug|Any CPU = Debug|Any CPU
		Release|Any CPU = Release|Any CPU
	EndGlobalSection
	GlobalSection(ProjectConfigurationPlatforms) = postSolution
		{7F19C682-8731-4773-953A-2719BEB045E3}.Debug|Any CPU.ActiveCfg = Debug|Any CPU
		{7F19C682-8731-4773-953A-2719BEB045E3}.Debug|Any CPU.Build.0 = Debug|Any CPU
		{7F19C682-8731-4773-953A-2719BEB045E3}.Release|Any CPU.ActiveCfg = Release|Any CPU
		{7F19C682-8731-4773-953A-2719BEB045E3}.Release|Any CPU.Build.0 = Release|Any CPU
	EndGlobalSection
	GlobalSection(SolutionProperties) = preSolution
		HideSolutionNode = FALSE
	EndGlobalSection
	GlobalSection(NestedProjects) = preSolution
		{7F19C682-8731-4773-953A-2719BEB045E3} = {02EA681E-C7D8-13C7-8484-4AC65E1B71E8}
	EndGlobalSection
	GlobalSection(ExtensibilityGlobals) = postSolution
		SolutionGuid = {BDA78080-1326-4B49-BA52-81C846349751}
	EndGlobalSection
EndGlobal
